
Microsoft Visual Studio Solution File, Format Version 12.00
# Visual Studio 2013
VisualStudioVersion = 12.0.21005.1
MinimumVisualStudioVersion = 10.0.40219.1
Project("{FAE04EC0-301F-11D3-BF4B-00C04F79EFBC}") = "XkAarticle", "XkAarticle\XkAarticle.csproj", "{07F091BD-E431-473B-9954-1FCBF7F57833}"
EndProject
Project("{FAE04EC0-301F-11D3-BF4B-00C04F79EFBC}") = "Model", "Model\Model.csproj", "{8797CCB2-D682-4A15-A157-55B67BC118E6}"
EndProject
Project("{FAE04EC0-301F-11D3-BF4B-00C04F79EFBC}") = "IDAL", "IDAL\IDAL.csproj", "{1FF8C20B-1D6B-44DD-9792-64A5E5990D2B}"
EndProject
Project("{FAE04EC0-301F-11D3-BF4B-00C04F79EFBC}") = "SqlDAL", "SqlDAL\SqlDAL.csproj", "{A511AEE2-D2E5-4767-8017-C4978876DDB5}"
EndProject
Project("{FAE04EC0-301F-11D3-BF4B-00C04F79EFBC}") = "Factory", "Factory\Factory.csproj", "{39F78287-3EC4-46F9-A88E-2E6EE072CBFB}"
EndProject
Project("{FAE04EC0-301F-11D3-BF4B-00C04F79EFBC}") = "BLL", "BLL\BLL.csproj", "{B89F360E-4335-4087-B36B-A6440CABC31C}"
EndProject
Project("{FAE04EC0-301F-11D3-BF4B-00C04F79EFBC}") = "testLibrary", "testLibrary\testLibrary.csproj", "{78F3DDA6-25F0-45E4-9DAD-F0F9BA300948}"
EndProject
Global
	GlobalSection(SolutionConfigurationPlatforms) = preSolution
		Debug|Any CPU = Debug|Any CPU
		Release|Any CPU = Release|Any CPU
	EndGlobalSection
	GlobalSection(ProjectConfigurationPlatforms) = postSolution
		{07F091BD-E431-473B-9954-1FCBF7F57833}.Debug|Any CPU.ActiveCfg = Debug|Any CPU
		{07F091BD-E431-473B-9954-1FCBF7F57833}.Debug|Any CPU.Build.0 = Debug|Any CPU
		{07F091BD-E431-473B-9954-1FCBF7F57833}.Release|Any CPU.ActiveCfg = Release|Any CPU
		{07F091BD-E431-473B-9954-1FCBF7F57833}.Release|Any CPU.Build.0 = Release|Any CPU
		{8797CCB2-D682-4A15-A157-55B67BC118E6}.Debug|Any CPU.ActiveCfg = Debug|Any CPU
		{8797CCB2-D682-4A15-A157-55B67BC118E6}.Debug|Any CPU.Build.0 = Debug|Any CPU
		{8797CCB2-D682-4A15-A157-55B67BC118E6}.Release|Any CPU.ActiveCfg = Release|Any CPU
		{8797CCB2-D682-4A15-A157-55B67BC118E6}.Release|Any CPU.Build.0 = Release|Any CPU
		{1FF8C20B-1D6B-44DD-9792-64A5E5990D2B}.Debug|Any CPU.ActiveCfg = Debug|Any CPU
		{1FF8C20B-1D6B-44DD-9792-64A5E5990D2B}.Debug|Any CPU.Build.0 = Debug|Any CPU
		{1FF8C20B-1D6B-44DD-9792-64A5E5990D2B}.Release|Any CPU.ActiveCfg = Release|Any CPU
		{1FF8C20B-1D6B-44DD-9792-64A5E5990D2B}.Release|Any CPU.Build.0 = Release|Any CPU
		{A511AEE2-D2E5-4767-8017-C4978876DDB5}.Debug|Any CPU.ActiveCfg = Debug|Any CPU
		{A511AEE2-D2E5-4767-8017-C4978876DDB5}.Debug|Any CPU.Build.0 = Debug|Any CPU
		{A511AEE2-D2E5-4767-8017-C4978876DDB5}.Release|Any CPU.ActiveCfg = Release|Any CPU
		{A511AEE2-D2E5-4767-8017-C4978876DDB5}.Release|Any CPU.Build.0 = Release|Any CPU
		{39F78287-3EC4-46F9-A88E-2E6EE072CBFB}.Debug|Any CPU.ActiveCfg = Debug|Any CPU
		{39F78287-3EC4-46F9-A88E-2E6EE072CBFB}.Debug|Any CPU.Build.0 = Debug|Any CPU
		{39F78287-3EC4-46F9-A88E-2E6EE072CBFB}.Release|Any CPU.ActiveCfg = Release|Any CPU
		{39F78287-3EC4-46F9-A88E-2E6EE072CBFB}.Release|Any CPU.Build.0 = Release|Any CPU
		{B89F360E-4335-4087-B36B-A6440CABC31C}.Debug|Any CPU.ActiveCfg = Debug|Any CPU
		{B89F360E-4335-4087-B36B-A6440CABC31C}.Debug|Any CPU.Build.0 = Debug|Any CPU
		{B89F360E-4335-4087-B36B-A6440CABC31C}.Release|Any CPU.ActiveCfg = Release|Any CPU
		{B89F360E-4335-4087-B36B-A6440CABC31C}.Release|Any CPU.Build.0 = Release|Any CPU
		{78F3DDA6-25F0-45E4-9DAD-F0F9BA300948}.Debug|Any CPU.ActiveCfg = Debug|Any CPU
		{78F3DDA6-25F0-45E4-9DAD-F0F9BA300948}.Debug|Any CPU.Build.0 = Debug|Any CPU
		{78F3DDA6-25F0-45E4-9DAD-F0F9BA300948}.Release|Any CPU.ActiveCfg = Release|Any CPU
		{78F3DDA6-25F0-45E4-9DAD-F0F9BA300948}.Release|Any CPU.Build.0 = Release|Any CPU
	EndGlobalSection
	GlobalSection(SolutionProperties) = preSolution
		HideSolutionNode = FALSE
	EndGlobalSection
EndGlobal
